<?xml version="1.0" encoding="utf-8"?>
<Project ToolsVersion="4.0" xmlns="http://schemas.microsoft.com/developer/msbuild/2003">
  <ItemGroup>
    <ClCompile Include="Horion\Config\ConfigManager.cpp" />
    <ClCompile Include="Horion\Command\CommandMgr.cpp" />
    <ClCompile Include="Directx\Directx.cpp" />
    <ClCompile Include="Horion\DrawUtils.cpp" />
    <ClCompile Include="Horion\FriendList\FriendList.cpp" />
    <ClCompile Include="Horion\GuiUtils.cpp" />
    <ClCompile Include="Horion\Loader.cpp" />
    <ClCompile Include="Horion\Menu\TabGui.cpp" />
    <ClCompile Include="Horion\Module\ModuleManager.cpp" />
    <ClCompile Include="Memory\GameData.cpp" />
    <ClCompile Include="Memory\Hooks.cpp" />
    <ClCompile Include="Memory\SlimMem.cpp" />
    <ClCompile Include="Utils\Logger.cpp" />
    <ClCompile Include="Utils\TextFormat.cpp" />
    <ClCompile Include="Utils\Target.cpp" />
    <ClCompile Include="Horion\Menu\ClickGui.cpp" />
    <ClCompile Include="Horion\Command\Commands\*.cpp" />
    <ClCompile Include="Horion\Command\Commands\*.cpp" />
    <ClCompile Include="Horion\Command\Commands\*.cpp" />
    <ClCompile Include="Horion\Command\Commands\*.cpp" />
    <ClCompile Include="Horion\Command\Commands\*.cpp" />
    <ClCompile Include="Horion\Command\Commands\*.cpp" />
    <ClCompile Include="Horion\Command\Commands\*.cpp" />
    <ClCompile Include="Horion\Command\Commands\*.cpp" />
    <ClCompile Include="Horion\Command\Commands\*.cpp" />
    <ClCompile Include="Horion\Command\Commands\*.cpp" />
    <ClCompile Include="Horion\Command\Commands\*.cpp" />
    <ClCompile Include="Horion\Command\Commands\*.cpp" />
    <ClCompile Include="Horion\Command\Commands\*.cpp" />
    <ClCompile Include="Horion\Command\Commands\*.cpp" />
    <ClCompile Include="Horion\Command\Commands\*.cpp" />
    <ClCompile Include="Horion\Command\Commands\*.cpp" />
    <ClCompile Include="Horion\Command\Commands\*.cpp" />
    <ClCompile Include="Horion\Command\Commands\*.cpp" />
    <ClCompile Include="Horion\Command\Commands\*.cpp" />
    <ClCompile Include="Horion\Command\Commands\*.cpp" />
    <ClCompile Include="Horion\Command\Commands\*.cpp" />
    <ClCompile Include="Horion\Command\Commands\*.cpp" />
    <ClCompile Include="Horion\Command\Commands\*.cpp" />
    <ClCompile Include="Horion\Command\Commands\*.cpp" />
    <ClCompile Include="Horion\Command\Commands\*.cpp" />
    <ClCompile Include="Horion\Module\Modules\*.cpp" />
    <ClCompile Include="Horion\Module\Modules\*.cpp" />
    <ClCompile Include="Horion\Module\Modules\*.cpp" />
    <ClCompile Include="Horion\Module\Modules\*.cpp" />
    <ClCompile Include="Horion\Module\Modules\*.cpp" />
    <ClCompile Include="Horion\Module\Modules\*.cpp" />
    <ClCompile Include="Horion\Module\Modules\*.cpp" />
    <ClCompile Include="Horion\Module\Modules\*.cpp" />
    <ClCompile Include="Horion\Module\Modules\*.cpp" />
    <ClCompile Include="Horion\Module\Modules\*.cpp" />
    <ClCompile Include="Horion\Module\Modules\*.cpp" />
    <ClCompile Include="Horion\Module\Modules\*.cpp" />
    <ClCompile Include="Horion\Module\Modules\*.cpp" />
    <ClCompile Include="Horion\Module\Modules\*.cpp" />
    <ClCompile Include="Horion\Module\Modules\*.cpp" />
    <ClCompile Include="Horion\Module\Modules\*.cpp" />
    <ClCompile Include="Horion\Module\Modules\*.cpp" />
    <ClCompile Include="Horion\Module\Modules\*.cpp" />
    <ClCompile Include="Horion\Module\Modules\*.cpp" />
    <ClCompile Include="Horion\Module\Modules\*.cpp" />
    <ClCompile Include="Horion\Module\Modules\*.cpp" />
    <ClCompile Include="Horion\Module\Modules\*.cpp" />
    <ClCompile Include="Horion\Module\Modules\*.cpp" />
    <ClCompile Include="Horion\Module\Modules\*.cpp" />
    <ClCompile Include="Horion\Module\Modules\*.cpp" />
    <ClCompile Include="Horion\Module\Modules\*.cpp" />
    <ClCompile Include="Horion\Module\Modules\*.cpp" />
    <ClCompile Include="Horion\Module\Modules\*.cpp" />
    <ClCompile Include="Horion\Module\Modules\*.cpp" />
    <ClCompile Include="Horion\Module\Modules\*.cpp" />
    <ClCompile Include="Horion\Module\Modules\*.cpp" />
    <ClCompile Include="Horion\Module\Modules\*.cpp" />
    <ClCompile Include="Horion\Module\Modules\*.cpp" />
    <ClCompile Include="Horion\Module\Modules\*.cpp" />
    <ClCompile Include="Horion\Module\Modules\*.cpp" />
    <ClCompile Include="Horion\Module\Modules\*.cpp" />
    <ClCompile Include="Horion\Module\Modules\*.cpp" />
    <ClCompile Include="Horion\Module\Modules\*.cpp" />
    <ClCompile Include="Horion\Module\Modules\*.cpp" />
    <ClCompile Include="Horion\Module\Modules\*.cpp" />
    <ClCompile Include="Horion\Module\Modules\*.cpp" />
    <ClCompile Include="Horion\Module\Modules\*.cpp" />
    <ClCompile Include="Horion\Module\Modules\*.cpp" />
    <ClCompile Include="Horion\Module\Modules\*.cpp" />
    <ClCompile Include="Horion\Module\Modules\*.cpp" />
    <ClCompile Include="Horion\Module\Modules\*.cpp" />
    <ClCompile Include="Horion\Module\Modules\*.cpp" />
    <ClCompile Include="Horion\Module\Modules\*.cpp" />
    <ClCompile Include="Horion\Module\Modules\*.cpp" />
    <ClCompile Include="Horion\Module\Modules\*.cpp" />
    <ClCompile Include="Horion\Module\Modules\*.cpp" />
    <ClCompile Include="Horion\Module\Modules\*.cpp" />
    <ClCompile Include="Horion\Module\Modules\*.cpp" />
    <ClCompile Include="Horion\Module\Modules\*.cpp" />
    <ClCompile Include="Horion\Module\Modules\*.cpp" />
    <ClCompile Include="Horion\Module\Modules\*.cpp" />
    <ClCompile Include="Horion\Module\Modules\*.cpp" />
    <ClCompile Include="Horion\Module\Modules\*.cpp" />
  </ItemGroup>
  <ItemGroup>
    <ClInclude Include="Horion\Config\ConfigManager.h" />
    <ClInclude Include="Horion\Command\CommandMgr.h" />
    <ClInclude Include="Directx\Directx.h" />
    <ClInclude Include="Horion\DrawUtils.h" />
    <ClInclude Include="Horion\FriendList\FriendList.h" />
    <ClInclude Include="Horion\GuiUtils.h" />
    <ClInclude Include="Horion\Loader.h" />
    <ClInclude Include="Horion\Menu\TabGui.h" />
    <ClInclude Include="Horion\Module\ModuleManager.h" />
    <ClInclude Include="Memory\GameData.h" />
    <ClInclude Include="Memory\Hooks.h" />
    <ClInclude Include="Memory\MinHook.h" />
    <ClInclude Include="SDK\CChestBlockActor.h" />
    <ClInclude Include="SDK\CClientInstance.h" />
    <ClInclude Include="SDK\CClientInstanceScreenModel.h" />
    <ClInclude Include="SDK\CEntity.h" />
    <ClInclude Include="SDK\CEntityList.h" />
    <ClInclude Include="SDK\CGameMode.h" />
    <ClInclude Include="SDK\CMinecraftUIRenderContext.h" />
    <ClInclude Include="SDK\CPacket.h" />
    <ClInclude Include="SDK\CLoopbackPacketSender.h" />
    <ClInclude Include="Utils\TextFormat.h" />
    <ClInclude Include="SDK\TextHolder.h" />
    <ClInclude Include="Utils\HMath.h" />
    <ClInclude Include="Utils\Logger.h" />
    <ClInclude Include="Memory\SlimMem.h" />
    <ClInclude Include="Utils\Utils.h" />
    <ClInclude Include="SDK\CBlockLegacy.h" />
    <ClInclude Include="Utils\Target.h" />
    <ClInclude Include="SDK\CInventory.h" />
    <ClInclude Include="Horion\Menu\ClickGui.h" />
    <ClInclude Include="SDK\CHIDController.h" />
    <ClInclude Include="SDK\CUIScene.h" />
    <ClInclude Include="SDK\CMoveInputHandler.h" />
    <ClInclude Include="SDK\CGameSettingsInput.h" />
    <ClInclude Include="include\atlrx.h" />
    <ClInclude Include="include\RegExp.h" />
    <ClInclude Include="include\StringProcess.h" />
    <ClInclude Include="include\WinHttpClient.h" />
    <ClInclude Include="SDK\CRakNetInstance.h" />
    <ClInclude Include="Utils\Json.hpp" />
    <ClInclude Include="SDK\CComplexInventoryTransaction.h" />
    <ClInclude Include="SDK\CInventoryTransaction.h" />
    <ClInclude Include="Horion\Command\Commands\*.h" />
    <ClInclude Include="Horion\Command\Commands\*.h" />
    <ClInclude Include="Horion\Command\Commands\*.h" />
    <ClInclude Include="Horion\Command\Commands\*.h" />
    <ClInclude Include="Horion\Command\Commands\*.h" />
    <ClInclude Include="Horion\Command\Commands\*.h" />
    <ClInclude Include="Horion\Command\Commands\*.h" />
    <ClInclude Include="Horion\Command\Commands\*.h" />
    <ClInclude Include="Horion\Command\Commands\*.h" />
    <ClInclude Include="Horion\Command\Commands\*.h" />
    <ClInclude Include="Horion\Command\Commands\*.h" />
    <ClInclude Include="Horion\Command\Commands\*.h" />
    <ClInclude Include="Horion\Command\Commands\*.h" />
    <ClInclude Include="Horion\Command\Commands\*.h" />
    <ClInclude Include="Horion\Command\Commands\*.h" />
    <ClInclude Include="Horion\Command\Commands\*.h" />
    <ClInclude Include="Horion\Command\Commands\*.h" />
    <ClInclude Include="Horion\Command\Commands\*.h" />
    <ClInclude Include="Horion\Command\Commands\*.h" />
    <ClInclude Include="Horion\Command\Commands\*.h" />
    <ClInclude Include="Horion\Command\Commands\*.h" />
    <ClInclude Include="Horion\Command\Commands\*.h" />
    <ClInclude Include="Horion\Command\Commands\*.h" />
    <ClInclude Include="Horion\Command\Commands\*.h" />
    <ClInclude Include="Horion\Command\Commands\*.h" />
    <ClInclude Include="Horion\Module\Modules\*.h" />
    <ClInclude Include="Horion\Module\Modules\*.h" />
    <ClInclude Include="Horion\Module\Modules\*.h" />
    <ClInclude Include="Horion\Module\Modules\*.h" />
    <ClInclude Include="Horion\Module\Modules\*.h" />
    <ClInclude Include="Horion\Module\Modules\*.h" />
    <ClInclude Include="Horion\Module\Modules\*.h" />
    <ClInclude Include="Horion\Module\Modules\*.h" />
    <ClInclude Include="Horion\Module\Modules\*.h" />
    <ClInclude Include="Horion\Module\Modules\*.h" />
    <ClInclude Include="Horion\Module\Modules\*.h" />
    <ClInclude Include="Horion\Module\Modules\*.h" />
    <ClInclude Include="Horion\Module\Modules\*.h" />
    <ClInclude Include="Horion\Module\Modules\*.h" />
    <ClInclude Include="Horion\Module\Modules\*.h" />
    <ClInclude Include="Horion\Module\Modules\*.h" />
    <ClInclude Include="Horion\Module\Modules\*.h" />
    <ClInclude Include="Horion\Module\Modules\*.h" />
    <ClInclude Include="Horion\Module\Modules\*.h" />
    <ClInclude Include="Horion\Module\Modules\*.h" />
    <ClInclude Include="Horion\Module\Modules\*.h" />
    <ClInclude Include="Horion\Module\Modules\*.h" />
    <ClInclude Include="Horion\Module\Modules\*.h" />
    <ClInclude Include="Horion\Module\Modules\*.h" />
    <ClInclude Include="Horion\Module\Modules\*.h" />
    <ClInclude Include="Horion\Module\Modules\*.h" />
    <ClInclude Include="Horion\Module\Modules\*.h" />
    <ClInclude Include="Horion\Module\Modules\*.h" />
    <ClInclude Include="Horion\Module\Modules\*.h" />
    <ClInclude Include="Horion\Module\Modules\*.h" />
    <ClInclude Include="Horion\Module\Modules\*.h" />
    <ClInclude Include="Horion\Module\Modules\*.h" />
    <ClInclude Include="Horion\Module\Modules\*.h" />
    <ClInclude Include="Horion\Module\Modules\*.h" />
    <ClInclude Include="Horion\Module\Modules\*.h" />
    <ClInclude Include="Horion\Module\Modules\*.h" />
    <ClInclude Include="Horion\Module\Modules\*.h" />
    <ClInclude Include="Horion\Module\Modules\*.h" />
    <ClInclude Include="Horion\Module\Modules\*.h" />
    <ClInclude Include="Horion\Module\Modules\*.h" />
    <ClInclude Include="Horion\Module\Modules\*.h" />
    <ClInclude Include="Horion\Module\Modules\*.h" />
    <ClInclude Include="Horion\Module\Modules\*.h" />
    <ClInclude Include="Horion\Module\Modules\*.h" />
    <ClInclude Include="Horion\Module\Modules\*.h" />
    <ClInclude Include="Horion\Module\Modules\*.h" />
    <ClInclude Include="Horion\Module\Modules\*.h" />
    <ClInclude Include="Horion\Module\Modules\*.h" />
    <ClInclude Include="Horion\Module\Modules\*.h" />
    <ClInclude Include="Horion\Module\Modules\*.h" />
    <ClInclude Include="Horion\Module\Modules\*.h" />
    <ClInclude Include="Horion\Module\Modules\*.h" />
    <ClInclude Include="Horion\Module\Modules\*.h" />
    <ClInclude Include="Horion\Module\Modules\*.h" />
    <ClInclude Include="Horion\Module\Modules\*.h" />
    <ClInclude Include="Horion\Module\Modules\*.h" />
    <ClInclude Include="Horion\Module\Modules\*.h" />
    <ClInclude Include="Horion\Module\Modules\*.h" />
  </ItemGroup>
</Project>