<?xml version="1.0" encoding="utf-8"?>
<Project ToolsVersion="4.0" xmlns="http://schemas.microsoft.com/developer/msbuild/2003">
  <ItemGroup>
    <Filter Include="Source Files">
      <UniqueIdentifier>{4FC737F1-C7A5-4376-A066-2A32D752A2FF}</UniqueIdentifier>
      <Extensions>cpp;c;cc;cxx;def;odl;idl;hpj;bat;asm;asmx</Extensions>
    </Filter>
    <Filter Include="Header Files">
      <UniqueIdentifier>{93995380-89BD-4b04-88EB-625FBE52EBFB}</UniqueIdentifier>
      <Extensions>h;hh;hpp;hxx;hm;inl;inc;xsd</Extensions>
    </Filter>
    <Filter Include="Resource Files">
      <UniqueIdentifier>{67DA6AB6-F800-4c08-8B7A-83BB121AAD01}</UniqueIdentifier>
      <Extensions>rc;ico;cur;bmp;dlg;rc2;rct;bin;rgs;gif;jpg;jpeg;jpe;resx;tiff;tif;png;wav</Extensions>
    </Filter>
  </ItemGroup>
  <ItemGroup>
    <ClCompile Include="Memory\SlimMem.cpp">
      <Filter>Source Files</Filter>
    </ClCompile>
    <ClCompile Include="SDK\CBlockPos.h">
      <Filter>Source Files</Filter>
    </ClCompile>
    <ClCompile Include="Memory\Hooks.cpp">
      <Filter>Source Files</Filter>
    </ClCompile>
    <ClCompile Include="Memory\GameData.cpp">
      <Filter>Source Files</Filter>
    </ClCompile>
    <ClCompile Include="Utils\Logger.cpp">
      <Filter>Source Files</Filter>
    </ClCompile>
    <ClCompile Include="Utils\TextFormat.cpp">
      <Filter>Source Files</Filter>
    </ClCompile>
    <ClCompile Include="Directx\Directx.cpp">
      <Filter>Source Files</Filter>
    </ClCompile>
    <ClCompile Include="Horion\Loader.cpp">
      <Filter>Source Files</Filter>
    </ClCompile>
    <ClCompile Include="Horion\Module\ModuleManager.cpp">
      <Filter>Source Files</Filter>
    </ClCompile>
    <ClCompile Include="Horion\Module\Modules\Module.cpp">
      <Filter>Source Files</Filter>
    </ClCompile>
    <ClCompile Include="Horion\Module\Modules\Killaura.cpp">
      <Filter>Source Files</Filter>
    </ClCompile>
    <ClCompile Include="Horion\DrawUtils.cpp">
      <Filter>Source Files</Filter>
    </ClCompile>
    <ClCompile Include="Horion\Module\Modules\ESP.cpp">
      <Filter>Source Files</Filter>
    </ClCompile>
    <ClCompile Include="Horion\Module\Modules\Jetpack.cpp">
      <Filter>Source Files</Filter>
    </ClCompile>
    <ClCompile Include="Horion\Module\Modules\TriggerBot.cpp">
      <Filter>Source Files</Filter>
    </ClCompile>
    <ClCompile Include="Horion\Module\Modules\Aimbot.cpp">
      <Filter>Source Files</Filter>
    </ClCompile>
    <ClCompile Include="Horion\Module\Modules\ChestESP.cpp">
      <Filter>Source Files</Filter>
    </ClCompile>
    <ClCompile Include="Horion\Module\Modules\NoKnockBack.cpp">
      <Filter>Source Files</Filter>
    </ClCompile>
    <ClCompile Include="Horion\Module\Modules\RainbowSky.cpp">
      <Filter>Source Files</Filter>
    </ClCompile>
    <ClCompile Include="Horion\Module\Modules\AirJump.cpp">
      <Filter>Source Files</Filter>
    </ClCompile>
    <ClCompile Include="Horion\Module\Modules\Step.cpp">
      <Filter>Source Files</Filter>
    </ClCompile>
    <ClCompile Include="Horion\Module\Modules\Glide.cpp">
      <Filter>Source Files</Filter>
    </ClCompile>
    <ClCompile Include="Horion\Module\Modules\EditionFaker.cpp">
      <Filter>Source Files</Filter>
    </ClCompile>
    <ClCompile Include="Horion\Command\CommandMgr.cpp">
      <Filter>Source Files</Filter>
    </ClCompile>
    <ClCompile Include="Horion\Command\Commands\ICommand.cpp">
      <Filter>Source Files</Filter>
    </ClCompile>
    <ClCompile Include="Horion\Command\Commands\EjectCommand.cpp">
      <Filter>Source Files</Filter>
    </ClCompile>
    <ClCompile Include="Horion\Command\Commands\TeleportCommand.cpp">
      <Filter>Source Files</Filter>
    </ClCompile>
  </ItemGroup>
  <ItemGroup>
    <ClInclude Include="Utils\Utils.h">
      <Filter>Header Files</Filter>
    </ClInclude>
    <ClInclude Include="Utils\Logger.h">
      <Filter>Header Files</Filter>
    </ClInclude>
    <ClInclude Include="Memory\SlimMem.h">
      <Filter>Header Files</Filter>
    </ClInclude>
    <ClInclude Include="Utils\HMath.h">
      <Filter>Header Files</Filter>
    </ClInclude>
    <ClInclude Include="SDK\TextHolder.h">
      <Filter>Header Files</Filter>
    </ClInclude>
    <ClInclude Include="SDK\CEntity.h">
      <Filter>Header Files</Filter>
    </ClInclude>
    <ClInclude Include="SDK\CGameMode.h">
      <Filter>Header Files</Filter>
    </ClInclude>
    <ClInclude Include="SDK\CEntityList.h">
      <Filter>Header Files</Filter>
    </ClInclude>
    <ClInclude Include="SDK\CClientInstance.h">
      <Filter>Header Files</Filter>
    </ClInclude>
    <ClInclude Include="SDK\CClientInstanceScreenModel.h">
      <Filter>Header Files</Filter>
    </ClInclude>
    <ClInclude Include="Memory\MinHook.h">
      <Filter>Header Files</Filter>
    </ClInclude>
    <ClInclude Include="Memory\Hooks.h">
      <Filter>Header Files</Filter>
    </ClInclude>
    <ClInclude Include="SDK\CPacket.h">
      <Filter>Header Files</Filter>
    </ClInclude>
    <ClInclude Include="SDK\CLoopbackPacketSender.h">
      <Filter>Header Files</Filter>
    </ClInclude>
    <ClInclude Include="Memory\GameData.h">
      <Filter>Header Files</Filter>
    </ClInclude>
    <ClInclude Include="Memory\Offsets.h">
      <Filter>Header Files</Filter>
    </ClInclude>
    <ClInclude Include="Utils\TextFormat.h">
      <Filter>Header Files</Filter>
    </ClInclude>
    <ClInclude Include="Directx\Directx.h">
      <Filter>Header Files</Filter>
    </ClInclude>
    <ClInclude Include="SDK\CMinecraftUIRenderContext.h">
      <Filter>Header Files</Filter>
    </ClInclude>
    <ClInclude Include="Horion\Loader.h">
      <Filter>Header Files</Filter>
    </ClInclude>
    <ClInclude Include="Horion\Module\ModuleManager.h">
      <Filter>Header Files</Filter>
    </ClInclude>
    <ClInclude Include="Horion\Module\Modules\Module.h">
      <Filter>Header Files</Filter>
    </ClInclude>
    <ClInclude Include="Horion\Module\Modules\Killaura.h">
      <Filter>Header Files</Filter>
    </ClInclude>
    <ClInclude Include="Horion\DrawUtils.h">
      <Filter>Header Files</Filter>
    </ClInclude>
    <ClInclude Include="Horion\Module\Modules\ESP.h">
      <Filter>Header Files</Filter>
    </ClInclude>
    <ClInclude Include="Horion\Module\Modules\Jetpack.h">
      <Filter>Header Files</Filter>
    </ClInclude>
    <ClInclude Include="Horion\Module\Modules\TriggerBot.h">
      <Filter>Header Files</Filter>
    </ClInclude>
    <ClInclude Include="Horion\Module\Modules\Aimbot.h">
      <Filter>Header Files</Filter>
    </ClInclude>
    <ClInclude Include="Horion\Module\Modules\ChestESP.h">
      <Filter>Header Files</Filter>
    </ClInclude>
    <ClInclude Include="SDK\CChestBlockActor.h">
      <Filter>Header Files</Filter>
    </ClInclude>
    <ClInclude Include="Horion\Module\Modules\NoKnockBack.h">
      <Filter>Header Files</Filter>
    </ClInclude>
    <ClInclude Include="Horion\Module\Modules\RainbowSky.h">
      <Filter>Header Files</Filter>
    </ClInclude>
    <ClInclude Include="Horion\Module\Modules\AirJump.h">
      <Filter>Header Files</Filter>
    </ClInclude>
    <ClInclude Include="Horion\Module\Modules\Step.h">
      <Filter>Header Files</Filter>
    </ClInclude>
    <ClInclude Include="Horion\Module\Modules\Glide.h">
      <Filter>Header Files</Filter>
    </ClInclude>
    <ClInclude Include="Horion\Module\Modules\EditionFaker.h">
      <Filter>Header Files</Filter>
    </ClInclude>
    <ClInclude Include="Horion\Command\CommandMgr.h">
      <Filter>Header Files</Filter>
    </ClInclude>
    <ClInclude Include="Horion\Command\Commands\ICommand.h">
      <Filter>Header Files</Filter>
    </ClInclude>
    <ClInclude Include="Horion\Command\Commands\EjectCommand.h">
      <Filter>Header Files</Filter>
    </ClInclude>
    <ClInclude Include="Horion\Command\Commands\TeleportCommand.h">
      <Filter>Header Files</Filter>
    </ClInclude>
  </ItemGroup>
</Project>