<?xml version="1.0" encoding="utf-8"?>
<Project ToolsVersion="4.0" xmlns="http://schemas.microsoft.com/developer/msbuild/2003">
  <ItemGroup>
    <ClCompile Include="Horion\Config\ConfigManager.cpp" />
    <ClCompile Include="Horion\Command\CommandMgr.cpp" />
    <ClCompile Include="Directx\Directx.cpp" />
    <ClCompile Include="Horion\DrawUtils.cpp" />
    <ClCompile Include="Horion\FriendList\FriendList.cpp" />
    <ClCompile Include="Horion\GuiUtils.cpp" />
    <ClCompile Include="Horion\Loader.cpp" />
    <ClCompile Include="Horion\Menu\TabGui.cpp" />
    <ClCompile Include="Horion\Module\ModuleManager.cpp" />
    <ClCompile Include="Horion\Module\Modules\Aimbot.cpp" />
    <ClCompile Include="Horion\Module\Modules\AirJump.cpp" />
    <ClCompile Include="Horion\Module\Modules\Blink.cpp" />
    <ClCompile Include="Horion\Module\Modules\InstaBreak.cpp" />
    <ClCompile Include="Horion\Module\Modules\NoFall.cpp" />
    <ClCompile Include="Horion\Module\Modules\AutoSprint.cpp" />
    <ClCompile Include="Horion\Module\Modules\BowAimbot.cpp" />
    <ClCompile Include="Horion\Module\Modules\ChestESP.cpp" />
    <ClCompile Include="Horion\Module\Modules\EditionFaker.cpp" />
    <ClCompile Include="Horion\Module\Modules\ESP.cpp" />
    <ClCompile Include="Horion\Module\Modules\Freecam.cpp" />
    <ClCompile Include="Horion\Module\Modules\Glide.cpp" />
    <ClCompile Include="Horion\Module\Modules\Jetpack.cpp" />
    <ClCompile Include="Horion\Module\Modules\Killaura.cpp" />
    <ClCompile Include="Horion\Module\Modules\Module.cpp" />
    <ClCompile Include="Horion\Module\Modules\NoKnockBack.cpp" />
    <ClCompile Include="Horion\Module\Modules\NoPacket.cpp" />
    <ClCompile Include="Horion\Module\Modules\Nuker.cpp" />
    <ClCompile Include="Horion\Module\Modules\Phase.cpp" />
    <ClCompile Include="Horion\Module\Modules\RainbowSky.cpp" />
    <ClCompile Include="Horion\Module\Modules\Scaffold.cpp" />
    <ClCompile Include="Horion\Module\Modules\Speed.cpp" />
    <ClCompile Include="Horion\Module\Modules\Step.cpp" />
    <ClCompile Include="Horion\Module\Modules\Tracer.cpp" />
    <ClCompile Include="Horion\Module\Modules\TriggerBot.cpp" />
    <ClCompile Include="Memory\GameData.cpp" />
    <ClCompile Include="Memory\Hooks.cpp" />
    <ClCompile Include="Memory\SlimMem.cpp" />
    <ClCompile Include="Utils\Logger.cpp" />
    <ClCompile Include="Utils\TextFormat.cpp" />
    <ClCompile Include="Horion\Module\Modules\Xray.cpp" />
    <ClCompile Include="Horion\Module\Modules\BedFucker.cpp" />
    <ClCompile Include="Utils\Target.cpp" />
    <ClCompile Include="Horion\Command\Commands\BindCommand.cpp" />
    <ClCompile Include="Horion\Command\Commands\EjectCommand.cpp" />
    <ClCompile Include="Horion\Command\Commands\EnchantCommand.cpp" />
    <ClCompile Include="Horion\Command\Commands\FriendListCommand.cpp" />
    <ClCompile Include="Horion\Command\Commands\GameModeCommand.cpp" />
    <ClCompile Include="Horion\Command\Commands\HelpCommand.cpp" />
    <ClCompile Include="Horion\Command\Commands\ICommand.cpp" />
    <ClCompile Include="Horion\Command\Commands\PlayerTeleportCommand.cpp" />
    <ClCompile Include="Horion\Command\Commands\RelativeTeleportCommand.cpp" />
    <ClCompile Include="Horion\Command\Commands\TeleportCommand.cpp" />
    <ClCompile Include="Horion\Command\Commands\TestCommand.cpp" />
    <ClCompile Include="Horion\Command\Commands\ToggleCommand.cpp" />
    <ClCompile Include="Horion\Command\Commands\UnbindCommand.cpp" />
    <ClCompile Include="Horion\Command\Commands\ModulesCommand.cpp" />
    <ClCompile Include="Horion\Command\Commands\PanicCommand.cpp" />
    <ClCompile Include="Horion\Module\Modules\NoSlowDown.cpp" />
    <ClCompile Include="Horion\Module\Modules\InfiniteReach.cpp" />
    <ClCompile Include="Horion\Module\Modules\AutoTotem.cpp" />
    <ClCompile Include="Horion\Menu\ClickGui.cpp" />
    <ClCompile Include="Horion\Module\Modules\ClickGuiMod.cpp" />
    <ClCompile Include="Horion\Module\Modules\ChestStealer.cpp" />
    <ClCompile Include="Horion\Module\Modules\Fly.cpp" />
    <ClCompile Include="Horion\Module\Modules\TabGuiMod.cpp" />
    <ClCompile Include="Horion\Command\Commands\HideCommand.cpp" />
    <ClCompile Include="Horion\Module\Modules\Hitbox.cpp" />
    <ClCompile Include="Horion\Module\Modules\Reach.cpp" />
    <ClCompile Include="Horion\Module\Modules\FullBright.cpp" />
    <ClCompile Include="Horion\Module\Modules\AirSwim.cpp" />
    <ClCompile Include="Horion\Module\Modules\InventoryMove.cpp" />
    <ClCompile Include="Horion\Module\Modules\HighJump.cpp" />
    <ClCompile Include="Horion\Module\Modules\FastLadder.cpp" />
    <ClCompile Include="Horion\Module\Modules\NoWeb.cpp" />
    <ClCompile Include="Horion\Module\Modules\StackableItem.cpp" />
    <ClCompile Include="Horion\Module\Modules\AutoSneak.cpp" />
    <ClCompile Include="Horion\Module\Modules\FastEast.cpp" />
    <ClCompile Include="Horion\Command\Commands\GiveCommand.cpp" />
    <ClCompile Include="Horion\Command\Commands\BruhCommand.cpp" />
    <ClCompile Include="Horion\Command\Commands\setoffhandCommand.cpp" />
    <ClCompile Include="Horion\Module\Modules\Jesus.cpp" />
    <ClCompile Include="Horion\Command\Commands\CoordsCommand.cpp" />
    <ClCompile Include="Horion\Command\Commands\SayCommand.cpp" />
    <ClCompile Include="Horion\Module\Modules\AutoArmor.cpp" />
    <ClCompile Include="Horion\Module\Modules\InfiniteBlockReach.cpp" />
    <ClCompile Include="Horion\Module\Modules\AutoClicker.cpp" />
    <ClCompile Include="Horion\Module\Modules\NameTags.cpp" />
  </ItemGroup>
  <ItemGroup>
    <ClInclude Include="Horion\Config\ConfigManager.h" />
    <ClInclude Include="Horion\Command\CommandMgr.h" />
    <ClInclude Include="Directx\Directx.h" />
    <ClInclude Include="Horion\DrawUtils.h" />
    <ClInclude Include="Horion\FriendList\FriendList.h" />
    <ClInclude Include="Horion\GuiUtils.h" />
    <ClInclude Include="Horion\Loader.h" />
    <ClInclude Include="Horion\Menu\TabGui.h" />
    <ClInclude Include="Horion\Module\ModuleManager.h" />
    <ClInclude Include="Horion\Module\Modules\Aimbot.h" />
    <ClInclude Include="Horion\Module\Modules\AirJump.h" />
    <ClInclude Include="Horion\Module\Modules\Blink.h" />
    <ClInclude Include="Horion\Module\Modules\InstaBreak.h" />
    <ClInclude Include="Horion\Module\Modules\NoFall.h" />
    <ClInclude Include="Horion\Module\Modules\AutoSprint.h" />
    <ClInclude Include="Horion\Module\Modules\BowAimbot.h" />
    <ClInclude Include="Horion\Module\Modules\ChestESP.h" />
    <ClInclude Include="Horion\Module\Modules\EditionFaker.h" />
    <ClInclude Include="Horion\Module\Modules\ESP.h" />
    <ClInclude Include="Horion\Module\Modules\Freecam.h" />
    <ClInclude Include="Horion\Module\Modules\Glide.h" />
    <ClInclude Include="Horion\Module\Modules\Jetpack.h" />
    <ClInclude Include="Horion\Module\Modules\Killaura.h" />
    <ClInclude Include="Horion\Module\Modules\Module.h" />
    <ClInclude Include="Horion\Module\Modules\NoKnockBack.h" />
    <ClInclude Include="Horion\Module\Modules\NoPacket.h" />
    <ClInclude Include="Horion\Module\Modules\Nuker.h" />
    <ClInclude Include="Horion\Module\Modules\Phase.h" />
    <ClInclude Include="Horion\Module\Modules\RainbowSky.h" />
    <ClInclude Include="Horion\Module\Modules\Scaffold.h" />
    <ClInclude Include="Horion\Module\Modules\Speed.h" />
    <ClInclude Include="Horion\Module\Modules\Step.h" />
    <ClInclude Include="Horion\Module\Modules\Tracer.h" />
    <ClInclude Include="Horion\Module\Modules\TriggerBot.h" />
    <ClInclude Include="Memory\GameData.h" />
    <ClInclude Include="Memory\Hooks.h" />
    <ClInclude Include="Memory\MinHook.h" />
    <ClInclude Include="SDK\CChestBlockActor.h" />
    <ClInclude Include="SDK\CClientInstance.h" />
    <ClInclude Include="SDK\CClientInstanceScreenModel.h" />
    <ClInclude Include="SDK\CEntity.h" />
    <ClInclude Include="SDK\CEntityList.h" />
    <ClInclude Include="SDK\CGameMode.h" />
    <ClInclude Include="SDK\CMinecraftUIRenderContext.h" />
    <ClInclude Include="SDK\CPacket.h" />
    <ClInclude Include="SDK\CLoopbackPacketSender.h" />
    <ClInclude Include="Utils\TextFormat.h" />
    <ClInclude Include="SDK\TextHolder.h" />
    <ClInclude Include="Utils\HMath.h" />
    <ClInclude Include="Utils\Logger.h" />
    <ClInclude Include="Memory\SlimMem.h" />
    <ClInclude Include="Utils\Utils.h" />
    <ClInclude Include="SDK\CBlockLegacy.h" />
    <ClInclude Include="Horion\Module\Modules\Xray.h" />
    <ClInclude Include="Horion\Module\Modules\BedFucker.h" />
    <ClInclude Include="Utils\Target.h" />
    <ClInclude Include="SDK\CInventory.h" />
    <ClInclude Include="Horion\Command\Commands\BindCommand.h" />
    <ClInclude Include="Horion\Command\Commands\EjectCommand.h" />
    <ClInclude Include="Horion\Command\Commands\EnchantCommand.h" />
    <ClInclude Include="Horion\Command\Commands\FriendListCommand.h" />
    <ClInclude Include="Horion\Command\Commands\GameModeCommand.h" />
    <ClInclude Include="Horion\Command\Commands\HelpCommand.h" />
    <ClInclude Include="Horion\Command\Commands\ICommand.h" />
    <ClInclude Include="Horion\Command\Commands\PlayerTeleportCommand.h" />
    <ClInclude Include="Horion\Command\Commands\RelativeTeleportCommand.h" />
    <ClInclude Include="Horion\Command\Commands\TeleportCommand.h" />
    <ClInclude Include="Horion\Command\Commands\TestCommand.h" />
    <ClInclude Include="Horion\Command\Commands\ToggleCommand.h" />
    <ClInclude Include="Horion\Command\Commands\UnbindCommand.h" />
    <ClInclude Include="Horion\Command\Commands\ModulesCommand.h" />
    <ClInclude Include="Horion\Command\Commands\PanicCommand.h" />
    <ClInclude Include="Horion\Module\Modules\NoSlowDown.h" />
    <ClInclude Include="Horion\Module\Modules\InfiniteReach.h" />
    <ClInclude Include="Horion\Module\Modules\AutoTotem.h" />
    <ClInclude Include="Horion\Menu\ClickGui.h" />
    <ClInclude Include="Horion\Module\Modules\ClickGuiMod.h" />
    <ClInclude Include="SDK\CHIDController.h" />
    <ClInclude Include="SDK\CUIScene.h" />
    <ClInclude Include="SDK\CMoveInputHandler.h" />
    <ClInclude Include="Horion\Module\Modules\ChestStealer.h" />
    <ClInclude Include="Horion\Module\Modules\Fly.h" />
    <ClInclude Include="Horion\Module\Modules\TabGuiMod.h" />
    <ClInclude Include="Horion\Command\Commands\HideCommand.h" />
    <ClInclude Include="Horion\Module\Modules\Hitbox.h" />
    <ClInclude Include="Horion\Module\Modules\Reach.h" />
    <ClInclude Include="Horion\Module\Modules\FullBright.h" />
    <ClInclude Include="Horion\Module\Modules\AirSwim.h" />
    <ClInclude Include="SDK\CGameSettingsInput.h" />
    <ClInclude Include="Horion\Module\Modules\InventoryMove.h" />
    <ClInclude Include="Horion\Module\Modules\HighJump.h" />
    <ClInclude Include="Horion\Module\Modules\FastLadder.h" />
    <ClInclude Include="Horion\Module\Modules\NoWeb.h" />
    <ClInclude Include="include\atlrx.h" />
    <ClInclude Include="include\RegExp.h" />
    <ClInclude Include="include\StringProcess.h" />
    <ClInclude Include="include\WinHttpClient.h" />
    <ClInclude Include="Horion\Module\Modules\StackableItem.h" />
    <ClInclude Include="Horion\Module\Modules\AutoSneak.h" />
    <ClInclude Include="Horion\Module\Modules\FastEat.h" />
    <ClInclude Include="Horion\Command\Commands\GiveCommand.h" />
    <ClInclude Include="Horion\Command\Commands\BruhCommand.h" />
    <ClInclude Include="Horion\Command\Commands\setoffhandCommand.h" />
    <ClInclude Include="Horion\Module\Modules\Jesus.h" />
    <ClInclude Include="Horion\Command\Commands\CoordsCommand.h" />
    <ClInclude Include="Horion\Command\Commands\SayCommand.h" />
    <ClInclude Include="SDK\CRakNetInstance.h" />
    <ClInclude Include="Horion\Module\Modules\AutoArmor.h" />
    <ClInclude Include="Utils\Json.hpp" />
    <ClInclude Include="Horion\Module\Modules\InfiniteBlockReach.h" />
    <ClInclude Include="Horion\Module\Modules\AutoClicker.h" />
    <ClInclude Include="Horion\Module\Modules\NameTags.h" />
    <ClInclude Include="SDK\CComplexInventoryTransaction.h" />
    <ClInclude Include="SDK\CInventoryTransaction.h" />
  </ItemGroup>
</Project>